<?xml version="1.0" encoding="utf-8"?>
<Project ToolsVersion="4.0" xmlns="http://schemas.microsoft.com/developer/msbuild/2003">
  <ItemGroup>
    <Filter Include="Source Files">
      <UniqueIdentifier>{4FC737F1-C7A5-4376-A066-2A32D752A2FF}</UniqueIdentifier>
      <Extensions>cpp;c;cc;cxx;def;odl;idl;hpj;bat;asm;asmx</Extensions>
    </Filter>
    <Filter Include="Header Files">
      <UniqueIdentifier>{93995380-89BD-4b04-88EB-625FBE52EBFB}</UniqueIdentifier>
      <Extensions>h;hpp;hxx;hm;inl;inc;xsd</Extensions>
    </Filter>
    <Filter Include="Resource Files">
      <UniqueIdentifier>{67DA6AB6-F800-4c08-8B7A-83BB121AAD01}</UniqueIdentifier>
      <Extensions>rc;ico;cur;bmp;dlg;rc2;rct;bin;rgs;gif;jpg;jpeg;jpe;resx;tiff;tif;png;wav;mfcribbon-ms</Extensions>
    </Filter>
    <Filter Include="Header Files\PlayerState">
      <UniqueIdentifier>{44563dc9-8f3e-43d1-837d-3a56f9fb398c}</UniqueIdentifier>
    </Filter>
    <Filter Include="Source Files\PlayerState">
      <UniqueIdentifier>{dc607e78-5914-4f28-b4a0-17e4359448b1}</UniqueIdentifier>
    </Filter>
    <Filter Include="Header Files\System">
      <UniqueIdentifier>{e9b95bdf-71c7-488f-a6fd-1d02a2d72bcb}</UniqueIdentifier>
    </Filter>
    <Filter Include="Header Files\System\GameObject">
      <UniqueIdentifier>{f0956941-2497-40a6-847d-de1f5378ec55}</UniqueIdentifier>
    </Filter>
    <Filter Include="Header Files\System\Component">
      <UniqueIdentifier>{7abde557-be29-455d-836b-4df39faba1f9}</UniqueIdentifier>
    </Filter>
    <Filter Include="Source Files\System">
      <UniqueIdentifier>{3858aedd-04ef-4dfb-a67f-17f545aa64ed}</UniqueIdentifier>
    </Filter>
    <Filter Include="Source Files\System\GameObject">
      <UniqueIdentifier>{ec515e4e-719d-4d74-b2db-3f52525a7cf2}</UniqueIdentifier>
    </Filter>
    <Filter Include="Source Files\System\Component">
      <UniqueIdentifier>{4d32e151-60c6-4b51-84c0-c74c14c47ebf}</UniqueIdentifier>
    </Filter>
    <Filter Include="Header Files\Player">
      <UniqueIdentifier>{304f67fe-3017-4ca8-8593-6f7d44fa4e02}</UniqueIdentifier>
    </Filter>
    <Filter Include="Source Files\Player">
      <UniqueIdentifier>{0edb3953-aa36-41b8-9f43-3ee7f4015609}</UniqueIdentifier>
    </Filter>
    <Filter Include="Header Files\Ninja">
      <UniqueIdentifier>{95738cf2-72db-494d-8289-df9a1f413cbe}</UniqueIdentifier>
    </Filter>
    <Filter Include="Source Files\Ninja">
      <UniqueIdentifier>{6c8e9572-ebc0-4657-bb74-825cce65875b}</UniqueIdentifier>
    </Filter>
  </ItemGroup>
  <ItemGroup>
    <ClCompile Include="main.cpp">
      <Filter>Source Files</Filter>
    </ClCompile>
    <ClCompile Include="Game.cpp">
      <Filter>Source Files</Filter>
    </ClCompile>
    <ClCompile Include="Grid.cpp">
      <Filter>Source Files</Filter>
    </ClCompile>
    <ClCompile Include="StandingState.cpp">
      <Filter>Source Files\PlayerState</Filter>
    </ClCompile>
    <ClCompile Include="JumpingState.cpp">
      <Filter>Source Files\PlayerState</Filter>
    </ClCompile>
    <ClCompile Include="PlayerState.cpp">
      <Filter>Source Files\PlayerState</Filter>
    </ClCompile>
    <ClCompile Include="FallingState.cpp">
      <Filter>Source Files\PlayerState</Filter>
    </ClCompile>
    <ClCompile Include="RunningState.cpp">
      <Filter>Source Files\PlayerState</Filter>
    </ClCompile>
    <ClCompile Include="GuardState.cpp">
      <Filter>Source Files\PlayerState</Filter>
    </ClCompile>
    <ClCompile Include="AttackState.cpp">
      <Filter>Source Files\PlayerState</Filter>
    </ClCompile>
    <ClCompile Include="Command.cpp">
      <Filter>Source Files</Filter>
    </ClCompile>
    <ClCompile Include="PlayerAttacks.cpp">
      <Filter>Source Files</Filter>
    </ClCompile>
    <ClCompile Include="GameObject.cpp">
      <Filter>Source Files\System\GameObject</Filter>
    </ClCompile>
    <ClCompile Include="System.cpp">
      <Filter>Source Files\System</Filter>
    </ClCompile>
    <ClCompile Include="Component.cpp">
      <Filter>Source Files\System\Component</Filter>
    </ClCompile>
    <ClCompile Include="TransformComponent.cpp">
      <Filter>Source Files\System\Component</Filter>
    </ClCompile>
    <ClCompile Include="RenderComponent.cpp">
      <Filter>Source Files\System\Component</Filter>
    </ClCompile>
    <ClCompile Include="LogicComponent.cpp">
      <Filter>Source Files\System\Component</Filter>
    </ClCompile>
    <ClCompile Include="PlayerLogic.cpp">
      <Filter>Source Files\Player</Filter>
    </ClCompile>
    <ClCompile Include="Player.cpp">
      <Filter>Source Files\Player</Filter>
    </ClCompile>
    <ClCompile Include="PlayerInput.cpp">
      <Filter>Source Files\Player</Filter>
    </ClCompile>
    <ClCompile Include="InputComponent.cpp">
      <Filter>Source Files\System\Component</Filter>
    </ClCompile>
    <ClCompile Include="GameObjectManager.cpp">
      <Filter>Source Files\System</Filter>
    </ClCompile>
    <ClCompile Include="State.cpp">
      <Filter>Source Files</Filter>
    </ClCompile>
    <ClCompile Include="StateManager.cpp">
      <Filter>Source Files</Filter>
    </ClCompile>
    <ClCompile Include="PlayerRender.cpp">
      <Filter>Source Files\Player</Filter>
    </ClCompile>
    <ClCompile Include="PlayerObject.cpp">
      <Filter>Source Files\Player</Filter>
    </ClCompile>
    <ClCompile Include="SpriteAnim.cpp">
      <Filter>Source Files</Filter>
    </ClCompile>
    <ClCompile Include="SlashBoxLogic.cpp">
      <Filter>Source Files\Player</Filter>
    </ClCompile>
    <ClCompile Include="NinjaRender.cpp">
      <Filter>Source Files\Ninja</Filter>
    </ClCompile>
    <ClCompile Include="NinjaLogic.cpp">
      <Filter>Source Files\Ninja</Filter>
    </ClCompile>
    <ClCompile Include="BoxColliderComponent.cpp">
      <Filter>Source Files\System\Component</Filter>
    </ClCompile>
  </ItemGroup>
  <ItemGroup>
    <ClInclude Include="Game.h">
      <Filter>Header Files</Filter>
    </ClInclude>
    <ClInclude Include="Grid.h">
      <Filter>Header Files</Filter>
    </ClInclude>
    <ClInclude Include="PlayerState.h">
      <Filter>Header Files\PlayerState</Filter>
    </ClInclude>
    <ClInclude Include="StandingState.h">
      <Filter>Header Files\PlayerState</Filter>
    </ClInclude>
    <ClInclude Include="JumpingState.h">
      <Filter>Header Files\PlayerState</Filter>
    </ClInclude>
    <ClInclude Include="FallingState.h">
      <Filter>Header Files\PlayerState</Filter>
    </ClInclude>
    <ClInclude Include="oldgrid.h">
      <Filter>Resource Files</Filter>
    </ClInclude>
    <ClInclude Include="RunningState.h">
      <Filter>Header Files\PlayerState</Filter>
    </ClInclude>
    <ClInclude Include="GuardState.h">
      <Filter>Header Files\PlayerState</Filter>
    </ClInclude>
    <ClInclude Include="AttackState.h">
      <Filter>Header Files\PlayerState</Filter>
    </ClInclude>
    <ClInclude Include="Command.h">
      <Filter>Header Files</Filter>
    </ClInclude>
    <ClInclude Include="Foreach.hpp">
      <Filter>Header Files</Filter>
    </ClInclude>
    <ClInclude Include="GameObject.h">
      <Filter>Header Files\System\GameObject</Filter>
    </ClInclude>
    <ClInclude Include="Find_All.h">
      <Filter>Header Files\System\GameObject</Filter>
    </ClInclude>
    <ClInclude Include="System.h">
      <Filter>Header Files\System</Filter>
    </ClInclude>
    <ClInclude Include="Component.h">
      <Filter>Header Files\System\Component</Filter>
    </ClInclude>
    <ClInclude Include="LogicComponent.h">
      <Filter>Header Files\System\Component</Filter>
    </ClInclude>
    <ClInclude Include="RenderComponent.h">
      <Filter>Header Files\System\Component</Filter>
    </ClInclude>
    <ClInclude Include="TransformComponent.h">
      <Filter>Header Files\System\Component</Filter>
    </ClInclude>
    <ClInclude Include="PlayerAttacks.h">
      <Filter>Header Files\Player</Filter>
    </ClInclude>
    <ClInclude Include="PlayerLogic.h">
      <Filter>Header Files\Player</Filter>
    </ClInclude>
    <ClInclude Include="PlayerInput.h">
      <Filter>Header Files\Player</Filter>
    </ClInclude>
    <ClInclude Include="InputComponent.h">
      <Filter>Header Files\System\Component</Filter>
    </ClInclude>
    <ClInclude Include="GameObjectManager.h">
      <Filter>Header Files\System</Filter>
    </ClInclude>
    <ClInclude Include="State.h">
      <Filter>Header Files</Filter>
    </ClInclude>
    <ClInclude Include="StateManager.h">
      <Filter>Header Files</Filter>
    </ClInclude>
    <ClInclude Include="PlayerRender.h">
      <Filter>Header Files\Player</Filter>
    </ClInclude>
    <ClInclude Include="PlayerObject.h">
      <Filter>Header Files\Player</Filter>
    </ClInclude>
    <ClInclude Include="SpriteAnim.h">
      <Filter>Header Files</Filter>
    </ClInclude>
    <ClInclude Include="SlashBoxLogic.h">
      <Filter>Header Files\Player</Filter>
    </ClInclude>
    <ClInclude Include="Layers.h">
      <Filter>Header Files\System</Filter>
    </ClInclude>
    <ClInclude Include="Player.h">
      <Filter>Header Files\Player</Filter>
    </ClInclude>
    <ClInclude Include="NinjaRender.h">
      <Filter>Header Files\Ninja</Filter>
    </ClInclude>
    <ClInclude Include="NinjaLogic.h">
      <Filter>Header Files\Ninja</Filter>
    </ClInclude>
    <ClInclude Include="BoxColliderComponent.h">
      <Filter>Header Files\System\Component</Filter>
    </ClInclude>
  </ItemGroup>
  <ItemGroup>
    <None Include="WorkLog.txt">
      <Filter>Resource Files</Filter>
    </None>
  </ItemGroup>
</Project>